
Microsoft Visual Studio Solution File, Format Version 12.00
# Visual Studio Version 17
VisualStudioVersion = 17.4.33122.133
MinimumVisualStudioVersion = 10.0.40219.1
Project("{9A19103F-16F7-4668-BE54-9A1E7A4F7556}") = "BlazorFullStackCrud.Server", "BlazorFullStackCrud\Server\BlazorFullStackCrud.Server.csproj", "{D5B3E622-B41D-4D21-B757-B7569ACC1C56}"
EndProject
Project("{9A19103F-16F7-4668-BE54-9A1E7A4F7556}") = "BlazorFullStackCrud.Client", "BlazorFullStackCrud\Client\BlazorFullStackCrud.Client.csproj", "{8863252D-6468-45F0-ACD3-F700AE836A3F}"
EndProject
Project("{9A19103F-16F7-4668-BE54-9A1E7A4F7556}") = "BlazorFullStackCrud.Shared", "BlazorFullStackCrud\Shared\BlazorFullStackCrud.Shared.csproj", "{4D673846-BC3D-4496-A1B1-CB9151CCC777}"
EndProject
Global
	GlobalSection(SolutionConfigurationPlatforms) = preSolution
		Debug|Any CPU = Debug|Any CPU
		Release|Any CPU = Release|Any CPU
	EndGlobalSection
	GlobalSection(ProjectConfigurationPlatforms) = postSolution
		{D5B3E622-B41D-4D21-B757-B7569ACC1C56}.Debug|Any CPU.ActiveCfg = Debug|Any CPU
		{D5B3E622-B41D-4D21-B757-B7569ACC1C56}.Debug|Any CPU.Build.0 = Debug|Any CPU
		{D5B3E622-B41D-4D21-B757-B7569ACC1C56}.Release|Any CPU.ActiveCfg = Release|Any CPU
		{D5B3E622-B41D-4D21-B757-B7569ACC1C56}.Release|Any CPU.Build.0 = Release|Any CPU
		{8863252D-6468-45F0-ACD3-F700AE836A3F}.Debug|Any CPU.ActiveCfg = Debug|Any CPU
		{8863252D-6468-45F0-ACD3-F700AE836A3F}.Debug|Any CPU.Build.0 = Debug|Any CPU
		{8863252D-6468-45F0-ACD3-F700AE836A3F}.Release|Any CPU.ActiveCfg = Release|Any CPU
		{8863252D-6468-45F0-ACD3-F700AE836A3F}.Release|Any CPU.Build.0 = Release|Any CPU
		{4D673846-BC3D-4496-A1B1-CB9151CCC777}.Debug|Any CPU.ActiveCfg = Debug|Any CPU
		{4D673846-BC3D-4496-A1B1-CB9151CCC777}.Debug|Any CPU.Build.0 = Debug|Any CPU
		{4D673846-BC3D-4496-A1B1-CB9151CCC777}.Release|Any CPU.ActiveCfg = Release|Any CPU
		{4D673846-BC3D-4496-A1B1-CB9151CCC777}.Release|Any CPU.Build.0 = Release|Any CPU
	EndGlobalSection
	GlobalSection(SolutionProperties) = preSolution
		HideSolutionNode = FALSE
	EndGlobalSection
	GlobalSection(ExtensibilityGlobals) = postSolution
		SolutionGuid = {13F060D0-F817-4177-864A-76357B537D53}
	EndGlobalSection
EndGlobal
